dependencies:
- name: mjs
  repository: oci://ghcr.io/mathworks-ref-arch/matlab-parallel-server-k8s
  version: 2.0.1
- name: cluster-autoscaler
  repository: https://kubernetes.github.io/autoscaler
  version: 9.46.6
digest: sha256:978979d396f3668c58489c85d51c81b3e5479b2453570652152c16b10cdfac94
generated: "2026-05-01T16:10:26.2085219+01:00"
